// !$*UTF8*$!
{
	archiveVersion = 1;
	classes = {
	};
	objectVersion = 56;
	objects = {

/* Begin PBXBuildFile section */
		2B4D31192A9A89BE0013D8B2 /* GlobalClockManager.swift in Sources */ = {isa = PBXBuildFile; fileRef = 2B4D31182A9A89BE0013D8B2 /* GlobalClockManager.swift */; };
		2B4D311B2A9A8A060013D8B2 /* ClockModel.swift in Sources */ = {isa = PBXBuildFile; fileRef = 2B4D311A2A9A8A050013D8B2 /* ClockModel.swift */; };
		2B4D311F2A9AC2230013D8B2 /* AboutView.swift in Sources */ = {isa = PBXBuildFile; fileRef = 2B4D311E2A9AC2230013D8B2 /* AboutView.swift */; };
		2B4D31212A9AC2850013D8B2 /* AppearanceView.swift in Sources */ = {isa = PBXBuildFile; fileRef = 2B4D31202A9AC2850013D8B2 /* AppearanceView.swift */; };
		2B4D31232A9AC2B40013D8B2 /* HelpView.swift in Sources */ = {isa = PBXBuildFile; fileRef = 2B4D31222A9AC2B40013D8B2 /* HelpView.swift */; };
		2B4D31262A9B65B80013D8B2 /* ClockCreatorView.swift in Sources */ = {isa = PBXBuildFile; fileRef = 2B4D31252A9B65B80013D8B2 /* ClockCreatorView.swift */; };
		2B4D312B2A9B6BE20013D8B2 /* DynamicColor in Frameworks */ = {isa = PBXBuildFile; productRef = 2B4D312A2A9B6BE20013D8B2 /* DynamicColor */; };
		2B4D312F2A9B7AB80013D8B2 /* ClockCreatorViewModel.swift in Sources */ = {isa = PBXBuildFile; fileRef = 2B4D312E2A9B7AB80013D8B2 /* ClockCreatorViewModel.swift */; };
		2B576C0E2A9D574800C9CCF0 /* AccountView.swift in Sources */ = {isa = PBXBuildFile; fileRef = 2B576C0D2A9D574800C9CCF0 /* AccountView.swift */; };
		2B576C112A9D577B00C9CCF0 /* AccountViewModel.swift in Sources */ = {isa = PBXBuildFile; fileRef = 2B576C102A9D577B00C9CCF0 /* AccountViewModel.swift */; };
		2B576C132A9D586C00C9CCF0 /* GoogleService-Info.plist in Resources */ = {isa = PBXBuildFile; fileRef = 2B576C122A9D586C00C9CCF0 /* GoogleService-Info.plist */; };
		7467BBD22B11E03C001F4878 /* FirebaseAnalytics in Frameworks */ = {isa = PBXBuildFile; productRef = 7467BBD12B11E03C001F4878 /* FirebaseAnalytics */; };
		7467BBD42B11E03C001F4878 /* FirebaseAnalyticsOnDeviceConversion in Frameworks */ = {isa = PBXBuildFile; productRef = 7467BBD32B11E03C001F4878 /* FirebaseAnalyticsOnDeviceConversion */; };
		7467BBD62B11E03C001F4878 /* FirebaseAnalyticsSwift in Frameworks */ = {isa = PBXBuildFile; productRef = 7467BBD52B11E03C001F4878 /* FirebaseAnalyticsSwift */; };
		7467BBD82B11E03C001F4878 /* FirebaseAnalyticsWithoutAdIdSupport in Frameworks */ = {isa = PBXBuildFile; productRef = 7467BBD72B11E03C001F4878 /* FirebaseAnalyticsWithoutAdIdSupport */; };
		7467BBDA2B11E03C001F4878 /* FirebaseAppCheck in Frameworks */ = {isa = PBXBuildFile; productRef = 7467BBD92B11E03C001F4878 /* FirebaseAppCheck */; };
		7467BBDC2B11E03C001F4878 /* FirebaseAppDistribution-Beta in Frameworks */ = {isa = PBXBuildFile; productRef = 7467BBDB2B11E03C001F4878 /* FirebaseAppDistribution-Beta */; };
		7467BBDE2B11E03C001F4878 /* FirebaseAuth in Frameworks */ = {isa = PBXBuildFile; productRef = 7467BBDD2B11E03C001F4878 /* FirebaseAuth */; };
		7467BBE02B11E03C001F4878 /* FirebaseAuthCombine-Community in Frameworks */ = {isa = PBXBuildFile; productRef = 7467BBDF2B11E03C001F4878 /* FirebaseAuthCombine-Community */; };
		7467BBE22B11E03C001F4878 /* FirebaseCrashlytics in Frameworks */ = {isa = PBXBuildFile; productRef = 7467BBE12B11E03C001F4878 /* FirebaseCrashlytics */; };
		7467BBE42B11E0C5001F4878 /* FirebaseAnalytics in Frameworks */ = {isa = PBXBuildFile; productRef = 7467BBE32B11E0C5001F4878 /* FirebaseAnalytics */; };
		7467BBE62B11E0C5001F4878 /* FirebaseAnalyticsOnDeviceConversion in Frameworks */ = {isa = PBXBuildFile; productRef = 7467BBE52B11E0C5001F4878 /* FirebaseAnalyticsOnDeviceConversion */; };
		7467BBE82B11E0C5001F4878 /* FirebaseAnalyticsSwift in Frameworks */ = {isa = PBXBuildFile; productRef = 7467BBE72B11E0C5001F4878 /* FirebaseAnalyticsSwift */; };
		7467BBEA2B11E0C5001F4878 /* FirebaseAnalyticsWithoutAdIdSupport in Frameworks */ = {isa = PBXBuildFile; productRef = 7467BBE92B11E0C5001F4878 /* FirebaseAnalyticsWithoutAdIdSupport */; };
		7467BBEC2B11E0C5001F4878 /* FirebaseAppCheck in Frameworks */ = {isa = PBXBuildFile; productRef = 7467BBEB2B11E0C5001F4878 /* FirebaseAppCheck */; };
		7467BBEE2B11E0C5001F4878 /* FirebaseAppDistribution-Beta in Frameworks */ = {isa = PBXBuildFile; productRef = 7467BBED2B11E0C5001F4878 /* FirebaseAppDistribution-Beta */; };
		7467BBF02B11E0C5001F4878 /* FirebaseAuth in Frameworks */ = {isa = PBXBuildFile; productRef = 7467BBEF2B11E0C5001F4878 /* FirebaseAuth */; };
		7467BBF22B11E0C5001F4878 /* FirebaseAuthCombine-Community in Frameworks */ = {isa = PBXBuildFile; productRef = 7467BBF12B11E0C5001F4878 /* FirebaseAuthCombine-Community */; };
		7467BBF42B11E0C5001F4878 /* FirebaseCrashlytics in Frameworks */ = {isa = PBXBuildFile; productRef = 7467BBF32B11E0C5001F4878 /* FirebaseCrashlytics */; };
		7467BBF62B11E0C5001F4878 /* FirebaseDatabase in Frameworks */ = {isa = PBXBuildFile; productRef = 7467BBF52B11E0C5001F4878 /* FirebaseDatabase */; };
		7467BBF82B11E0C5001F4878 /* FirebaseDatabaseSwift in Frameworks */ = {isa = PBXBuildFile; productRef = 7467BBF72B11E0C5001F4878 /* FirebaseDatabaseSwift */; };
		7467BBFA2B11E0C5001F4878 /* FirebaseDynamicLinks in Frameworks */ = {isa = PBXBuildFile; productRef = 7467BBF92B11E0C5001F4878 /* FirebaseDynamicLinks */; };
		7467BBFC2B11E0C5001F4878 /* FirebaseFirestore in Frameworks */ = {isa = PBXBuildFile; productRef = 7467BBFB2B11E0C5001F4878 /* FirebaseFirestore */; };
		7467BBFE2B11E0C5001F4878 /* FirebaseFirestoreCombine-Community in Frameworks */ = {isa = PBXBuildFile; productRef = 7467BBFD2B11E0C5001F4878 /* FirebaseFirestoreCombine-Community */; };
		7467BC002B11E0C5001F4878 /* FirebaseFirestoreSwift in Frameworks */ = {isa = PBXBuildFile; productRef = 7467BBFF2B11E0C5001F4878 /* FirebaseFirestoreSwift */; };
		7467BC022B11E0C5001F4878 /* FirebaseFunctions in Frameworks */ = {isa = PBXBuildFile; productRef = 7467BC012B11E0C5001F4878 /* FirebaseFunctions */; };
		7467BC042B11E0C5001F4878 /* FirebaseFunctionsCombine-Community in Frameworks */ = {isa = PBXBuildFile; productRef = 7467BC032B11E0C5001F4878 /* FirebaseFunctionsCombine-Community */; };
		7467BC062B11E0C5001F4878 /* FirebaseInAppMessaging-Beta in Frameworks */ = {isa = PBXBuildFile; productRef = 7467BC052B11E0C5001F4878 /* FirebaseInAppMessaging-Beta */; };
		7467BC082B11E0C5001F4878 /* FirebaseInAppMessagingSwift-Beta in Frameworks */ = {isa = PBXBuildFile; productRef = 7467BC072B11E0C5001F4878 /* FirebaseInAppMessagingSwift-Beta */; };
		7467BC0A2B11E0C5001F4878 /* FirebaseInstallations in Frameworks */ = {isa = PBXBuildFile; productRef = 7467BC092B11E0C5001F4878 /* FirebaseInstallations */; };
		7467BC0C2B11E0C5001F4878 /* FirebaseMLModelDownloader in Frameworks */ = {isa = PBXBuildFile; productRef = 7467BC0B2B11E0C5001F4878 /* FirebaseMLModelDownloader */; };
		7467BC0E2B11E0C5001F4878 /* FirebaseMessaging in Frameworks */ = {isa = PBXBuildFile; productRef = 7467BC0D2B11E0C5001F4878 /* FirebaseMessaging */; };
		7467BC102B11E0C5001F4878 /* FirebasePerformance in Frameworks */ = {isa = PBXBuildFile; productRef = 7467BC0F2B11E0C5001F4878 /* FirebasePerformance */; };
		7467BC122B11E0C5001F4878 /* FirebaseRemoteConfig in Frameworks */ = {isa = PBXBuildFile; productRef = 7467BC112B11E0C5001F4878 /* FirebaseRemoteConfig */; };
		7467BC142B11E0C5001F4878 /* FirebaseRemoteConfigSwift in Frameworks */ = {isa = PBXBuildFile; productRef = 7467BC132B11E0C5001F4878 /* FirebaseRemoteConfigSwift */; };
		7467BC162B11E0C5001F4878 /* FirebaseStorage in Frameworks */ = {isa = PBXBuildFile; productRef = 7467BC152B11E0C5001F4878 /* FirebaseStorage */; };
		7467BC182B11E0C5001F4878 /* FirebaseStorageCombine-Community in Frameworks */ = {isa = PBXBuildFile; productRef = 7467BC172B11E0C5001F4878 /* FirebaseStorageCombine-Community */; };
		7467BC1B2B13FB58001F4878 /* CoreDataClocks.xcdatamodeld in Sources */ = {isa = PBXBuildFile; fileRef = 7467BC192B13FB58001F4878 /* CoreDataClocks.xcdatamodeld */; };
		7467BC1E2B147334001F4878 /* Realm in Frameworks */ = {isa = PBXBuildFile; productRef = 7467BC1D2B147334001F4878 /* Realm */; };
		7467BC202B147334001F4878 /* RealmSwift in Frameworks */ = {isa = PBXBuildFile; productRef = 7467BC1F2B147334001F4878 /* RealmSwift */; };
		7467BC232B154B6E001F4878 /* RealmData.swift in Sources */ = {isa = PBXBuildFile; fileRef = 7467BC222B154B6E001F4878 /* RealmData.swift */; };
		74BF67402AA4C6B2001D4FB5 /* SndTextField.swift in Sources */ = {isa = PBXBuildFile; fileRef = 74BF673F2AA4C6B2001D4FB5 /* SndTextField.swift */; };
		74FF5B862A9952B800F459BE /* ClockSndApp.swift in Sources */ = {isa = PBXBuildFile; fileRef = 74FF5B852A9952B800F459BE /* ClockSndApp.swift */; };
		74FF5B8A2A9952B900F459BE /* Assets.xcassets in Resources */ = {isa = PBXBuildFile; fileRef = 74FF5B892A9952B900F459BE /* Assets.xcassets */; };
		74FF5B8E2A9952B900F459BE /* Preview Assets.xcassets in Resources */ = {isa = PBXBuildFile; fileRef = 74FF5B8D2A9952B900F459BE /* Preview Assets.xcassets */; };
		74FF5B992A9953B700F459BE /* TabBarView.swift in Sources */ = {isa = PBXBuildFile; fileRef = 74FF5B982A9953B700F459BE /* TabBarView.swift */; };
		74FF5B9B2A99543900F459BE /* HomeView.swift in Sources */ = {isa = PBXBuildFile; fileRef = 74FF5B9A2A99543900F459BE /* HomeView.swift */; };
		74FF5B9F2A99550F00F459BE /* SndText.swift in Sources */ = {isa = PBXBuildFile; fileRef = 74FF5B9E2A99550F00F459BE /* SndText.swift */; };
		74FF5BA22A99557000F459BE /* Font+Extensions.swift in Sources */ = {isa = PBXBuildFile; fileRef = 74FF5BA12A99557000F459BE /* Font+Extensions.swift */; };
		74FF5BA42A99559E00F459BE /* Color+Extensions.swift in Sources */ = {isa = PBXBuildFile; fileRef = 74FF5BA32A99559E00F459BE /* Color+Extensions.swift */; };
		74FF5BCD2A99579100F459BE /* Nunito-ExtraLightItalic.ttf in Resources */ = {isa = PBXBuildFile; fileRef = 74FF5BAB2A99578F00F459BE /* Nunito-ExtraLightItalic.ttf */; };
		74FF5BCE2A99579100F459BE /* Nunito-MediumItalic.ttf in Resources */ = {isa = PBXBuildFile; fileRef = 74FF5BAC2A99578F00F459BE /* Nunito-MediumItalic.ttf */; };
		74FF5BCF2A99579100F459BE /* Nunito-Black.ttf in Resources */ = {isa = PBXBuildFile; fileRef = 74FF5BAD2A99578F00F459BE /* Nunito-Black.ttf */; };
		74FF5BD02A99579100F459BE /* Nunito-ExtraBoldItalic.ttf in Resources */ = {isa = PBXBuildFile; fileRef = 74FF5BAE2A99578F00F459BE /* Nunito-ExtraBoldItalic.ttf */; };
		74FF5BD12A99579100F459BE /* Jost-Thin.ttf in Resources */ = {isa = PBXBuildFile; fileRef = 74FF5BAF2A99578F00F459BE /* Jost-Thin.ttf */; };
		74FF5BD22A99579100F459BE /* Jost-LightItalic.ttf in Resources */ = {isa = PBXBuildFile; fileRef = 74FF5BB02A99578F00F459BE /* Jost-LightItalic.ttf */; };
		74FF5BD32A99579100F459BE /* Jost-Light.ttf in Resources */ = {isa = PBXBuildFile; fileRef = 74FF5BB12A99578F00F459BE /* Jost-Light.ttf */; };
		74FF5BD42A99579100F459BE /* Jost-Medium.ttf in Resources */ = {isa = PBXBuildFile; fileRef = 74FF5BB22A99578F00F459BE /* Jost-Medium.ttf */; };
		74FF5BD52A99579100F459BE /* Jost-ExtraBoldItalic.ttf in Resources */ = {isa = PBXBuildFile; fileRef = 74FF5BB32A99579000F459BE /* Jost-ExtraBoldItalic.ttf */; };
		74FF5BD62A99579100F459BE /* Nunito-Light.ttf in Resources */ = {isa = PBXBuildFile; fileRef = 74FF5BB42A99579000F459BE /* Nunito-Light.ttf */; };
		74FF5BD72A99579100F459BE /* Nunito-Italic.ttf in Resources */ = {isa = PBXBuildFile; fileRef = 74FF5BB52A99579000F459BE /* Nunito-Italic.ttf */; };
		74FF5BD82A99579100F459BE /* Nunito-Regular.ttf in Resources */ = {isa = PBXBuildFile; fileRef = 74FF5BB62A99579000F459BE /* Nunito-Regular.ttf */; };
		74FF5BD92A99579100F459BE /* Jost-ExtraLightItalic.ttf in Resources */ = {isa = PBXBuildFile; fileRef = 74FF5BB72A99579000F459BE /* Jost-ExtraLightItalic.ttf */; };
		74FF5BDA2A99579100F459BE /* Jost-BlackItalic.ttf in Resources */ = {isa = PBXBuildFile; fileRef = 74FF5BB82A99579000F459BE /* Jost-BlackItalic.ttf */; };
		74FF5BDB2A99579100F459BE /* Jost-SemiBoldItalic.ttf in Resources */ = {isa = PBXBuildFile; fileRef = 74FF5BB92A99579000F459BE /* Jost-SemiBoldItalic.ttf */; };
		74FF5BDC2A99579100F459BE /* Jost-Italic.ttf in Resources */ = {isa = PBXBuildFile; fileRef = 74FF5BBA2A99579000F459BE /* Jost-Italic.ttf */; };
		74FF5BDD2A99579100F459BE /* Nunito-Bold.ttf in Resources */ = {isa = PBXBuildFile; fileRef = 74FF5BBB2A99579000F459BE /* Nunito-Bold.ttf */; };
		74FF5BDE2A99579100F459BE /* Jost-MediumItalic.ttf in Resources */ = {isa = PBXBuildFile; fileRef = 74FF5BBC2A99579000F459BE /* Jost-MediumItalic.ttf */; };
		74FF5BDF2A99579100F459BE /* Nunito-BlackItalic.ttf in Resources */ = {isa = PBXBuildFile; fileRef = 74FF5BBD2A99579000F459BE /* Nunito-BlackItalic.ttf */; };
		74FF5BE02A99579100F459BE /* Nunito-LightItalic.ttf in Resources */ = {isa = PBXBuildFile; fileRef = 74FF5BBE2A99579000F459BE /* Nunito-LightItalic.ttf */; };
		74FF5BE12A99579100F459BE /* Nunito-BoldItalic.ttf in Resources */ = {isa = PBXBuildFile; fileRef = 74FF5BBF2A99579000F459BE /* Nunito-BoldItalic.ttf */; };
		74FF5BE22A99579100F459BE /* Nunito-SemiBold.ttf in Resources */ = {isa = PBXBuildFile; fileRef = 74FF5BC02A99579000F459BE /* Nunito-SemiBold.ttf */; };
		74FF5BE32A99579100F459BE /* Jost-Black.ttf in Resources */ = {isa = PBXBuildFile; fileRef = 74FF5BC12A99579000F459BE /* Jost-Black.ttf */; };
		74FF5BE42A99579100F459BE /* Nunito-SemiBoldItalic.ttf in Resources */ = {isa = PBXBuildFile; fileRef = 74FF5BC22A99579000F459BE /* Nunito-SemiBoldItalic.ttf */; };
		74FF5BE52A99579100F459BE /* Jost-SemiBold.ttf in Resources */ = {isa = PBXBuildFile; fileRef = 74FF5BC32A99579000F459BE /* Jost-SemiBold.ttf */; };
		74FF5BE62A99579100F459BE /* Nunito-ExtraBold.ttf in Resources */ = {isa = PBXBuildFile; fileRef = 74FF5BC42A99579000F459BE /* Nunito-ExtraBold.ttf */; };
		74FF5BE72A99579100F459BE /* Jost-Bold.ttf in Resources */ = {isa = PBXBuildFile; fileRef = 74FF5BC52A99579000F459BE /* Jost-Bold.ttf */; };
		74FF5BE82A99579100F459BE /* Jost-ExtraBold.ttf in Resources */ = {isa = PBXBuildFile; fileRef = 74FF5BC62A99579000F459BE /* Jost-ExtraBold.ttf */; };
		74FF5BE92A99579100F459BE /* Jost-ExtraLight.ttf in Resources */ = {isa = PBXBuildFile; fileRef = 74FF5BC72A99579100F459BE /* Jost-ExtraLight.ttf */; };
		74FF5BEA2A99579100F459BE /* Jost-BoldItalic.ttf in Resources */ = {isa = PBXBuildFile; fileRef = 74FF5BC82A99579100F459BE /* Jost-BoldItalic.ttf */; };
		74FF5BEB2A99579100F459BE /* Nunito-Medium.ttf in Resources */ = {isa = PBXBuildFile; fileRef = 74FF5BC92A99579100F459BE /* Nunito-Medium.ttf */; };
		74FF5BEC2A99579100F459BE /* Jost-ThinItalic.ttf in Resources */ = {isa = PBXBuildFile; fileRef = 74FF5BCA2A99579100F459BE /* Jost-ThinItalic.ttf */; };
		74FF5BED2A99579100F459BE /* Jost-Regular.ttf in Resources */ = {isa = PBXBuildFile; fileRef = 74FF5BCB2A99579100F459BE /* Jost-Regular.ttf */; };
		74FF5BEE2A99579100F459BE /* Nunito-ExtraLight.ttf in Resources */ = {isa = PBXBuildFile; fileRef = 74FF5BCC2A99579100F459BE /* Nunito-ExtraLight.ttf */; };
		74FF5BF12A99580500F459BE /* OnboardingView.swift in Sources */ = {isa = PBXBuildFile; fileRef = 74FF5BF02A99580500F459BE /* OnboardingView.swift */; };
		74FF5BF72A99586E00F459BE /* MainView.swift in Sources */ = {isa = PBXBuildFile; fileRef = 74FF5BF62A99586E00F459BE /* MainView.swift */; };
		74FF5BF92A99639700F459BE /* StoreView.swift in Sources */ = {isa = PBXBuildFile; fileRef = 74FF5BF82A99639700F459BE /* StoreView.swift */; };
		74FF5BFB2A9963AD00F459BE /* SettingsView.swift in Sources */ = {isa = PBXBuildFile; fileRef = 74FF5BFA2A9963AD00F459BE /* SettingsView.swift */; };
		74FF5BFD2A9963BB00F459BE /* ClockView.swift in Sources */ = {isa = PBXBuildFile; fileRef = 74FF5BFC2A9963BB00F459BE /* ClockView.swift */; };
/* End PBXBuildFile section */

/* Begin PBXFileReference section */
		2B4D31182A9A89BE0013D8B2 /* GlobalClockManager.swift */ = {isa = PBXFileReference; lastKnownFileType = sourcecode.swift; path = GlobalClockManager.swift; sourceTree = "<group>"; };
		2B4D311A2A9A8A050013D8B2 /* ClockModel.swift */ = {isa = PBXFileReference; lastKnownFileType = sourcecode.swift; path = ClockModel.swift; sourceTree = "<group>"; };
		2B4D311E2A9AC2230013D8B2 /* AboutView.swift */ = {isa = PBXFileReference; lastKnownFileType = sourcecode.swift; path = AboutView.swift; sourceTree = "<group>"; };
		2B4D31202A9AC2850013D8B2 /* AppearanceView.swift */ = {isa = PBXFileReference; lastKnownFileType = sourcecode.swift; path = AppearanceView.swift; sourceTree = "<group>"; };
		2B4D31222A9AC2B40013D8B2 /* HelpView.swift */ = {isa = PBXFileReference; lastKnownFileType = sourcecode.swift; path = HelpView.swift; sourceTree = "<group>"; };
		2B4D31252A9B65B80013D8B2 /* ClockCreatorView.swift */ = {isa = PBXFileReference; lastKnownFileType = sourcecode.swift; path = ClockCreatorView.swift; sourceTree = "<group>"; };
		2B4D312E2A9B7AB80013D8B2 /* ClockCreatorViewModel.swift */ = {isa = PBXFileReference; lastKnownFileType = sourcecode.swift; path = ClockCreatorViewModel.swift; sourceTree = "<group>"; };
		2B576C0D2A9D574800C9CCF0 /* AccountView.swift */ = {isa = PBXFileReference; lastKnownFileType = sourcecode.swift; path = AccountView.swift; sourceTree = "<group>"; };
		2B576C102A9D577B00C9CCF0 /* AccountViewModel.swift */ = {isa = PBXFileReference; lastKnownFileType = sourcecode.swift; path = AccountViewModel.swift; sourceTree = "<group>"; };
		2B576C122A9D586C00C9CCF0 /* GoogleService-Info.plist */ = {isa = PBXFileReference; fileEncoding = 4; lastKnownFileType = text.plist.xml; path = "GoogleService-Info.plist"; sourceTree = "<group>"; };
		7467BC1A2B13FB58001F4878 /* CoreDataClocks.xcdatamodel */ = {isa = PBXFileReference; lastKnownFileType = wrapper.xcdatamodel; path = CoreDataClocks.xcdatamodel; sourceTree = "<group>"; };
		7467BC222B154B6E001F4878 /* RealmData.swift */ = {isa = PBXFileReference; lastKnownFileType = sourcecode.swift; path = RealmData.swift; sourceTree = "<group>"; };
		74BF673F2AA4C6B2001D4FB5 /* SndTextField.swift */ = {isa = PBXFileReference; lastKnownFileType = sourcecode.swift; path = SndTextField.swift; sourceTree = "<group>"; };
		74FF5B822A9952B800F459BE /* ClockSnd.app */ = {isa = PBXFileReference; explicitFileType = wrapper.application; includeInIndex = 0; path = ClockSnd.app; sourceTree = BUILT_PRODUCTS_DIR; };
		74FF5B852A9952B800F459BE /* ClockSndApp.swift */ = {isa = PBXFileReference; lastKnownFileType = sourcecode.swift; path = ClockSndApp.swift; sourceTree = "<group>"; };
		74FF5B892A9952B900F459BE /* Assets.xcassets */ = {isa = PBXFileReference; lastKnownFileType = folder.assetcatalog; path = Assets.xcassets; sourceTree = "<group>"; };
		74FF5B8B2A9952B900F459BE /* ClockSnd.entitlements */ = {isa = PBXFileReference; lastKnownFileType = text.plist.entitlements; path = ClockSnd.entitlements; sourceTree = "<group>"; };
		74FF5B8D2A9952B900F459BE /* Preview Assets.xcassets */ = {isa = PBXFileReference; lastKnownFileType = folder.assetcatalog; path = "Preview Assets.xcassets"; sourceTree = "<group>"; };
		74FF5B982A9953B700F459BE /* TabBarView.swift */ = {isa = PBXFileReference; lastKnownFileType = sourcecode.swift; path = TabBarView.swift; sourceTree = "<group>"; };
		74FF5B9A2A99543900F459BE /* HomeView.swift */ = {isa = PBXFileReference; lastKnownFileType = sourcecode.swift; path = HomeView.swift; sourceTree = "<group>"; };
		74FF5B9E2A99550F00F459BE /* SndText.swift */ = {isa = PBXFileReference; lastKnownFileType = sourcecode.swift; path = SndText.swift; sourceTree = "<group>"; };
		74FF5BA12A99557000F459BE /* Font+Extensions.swift */ = {isa = PBXFileReference; lastKnownFileType = sourcecode.swift; path = "Font+Extensions.swift"; sourceTree = "<group>"; };
		74FF5BA32A99559E00F459BE /* Color+Extensions.swift */ = {isa = PBXFileReference; lastKnownFileType = sourcecode.swift; path = "Color+Extensions.swift"; sourceTree = "<group>"; };
		74FF5BA52A9955F500F459BE /* Info.plist */ = {isa = PBXFileReference; lastKnownFileType = text.plist; path = Info.plist; sourceTree = "<group>"; };
		74FF5BAB2A99578F00F459BE /* Nunito-ExtraLightItalic.ttf */ = {isa = PBXFileReference; lastKnownFileType = file; path = "Nunito-ExtraLightItalic.ttf"; sourceTree = "<group>"; };
		74FF5BAC2A99578F00F459BE /* Nunito-MediumItalic.ttf */ = {isa = PBXFileReference; lastKnownFileType = file; path = "Nunito-MediumItalic.ttf"; sourceTree = "<group>"; };
		74FF5BAD2A99578F00F459BE /* Nunito-Black.ttf */ = {isa = PBXFileReference; lastKnownFileType = file; path = "Nunito-Black.ttf"; sourceTree = "<group>"; };
		74FF5BAE2A99578F00F459BE /* Nunito-ExtraBoldItalic.ttf */ = {isa = PBXFileReference; lastKnownFileType = file; path = "Nunito-ExtraBoldItalic.ttf"; sourceTree = "<group>"; };
		74FF5BAF2A99578F00F459BE /* Jost-Thin.ttf */ = {isa = PBXFileReference; lastKnownFileType = file; path = "Jost-Thin.ttf"; sourceTree = "<group>"; };
		74FF5BB02A99578F00F459BE /* Jost-LightItalic.ttf */ = {isa = PBXFileReference; lastKnownFileType = file; path = "Jost-LightItalic.ttf"; sourceTree = "<group>"; };
		74FF5BB12A99578F00F459BE /* Jost-Light.ttf */ = {isa = PBXFileReference; lastKnownFileType = file; path = "Jost-Light.ttf"; sourceTree = "<group>"; };
		74FF5BB22A99578F00F459BE /* Jost-Medium.ttf */ = {isa = PBXFileReference; lastKnownFileType = file; path = "Jost-Medium.ttf"; sourceTree = "<group>"; };
		74FF5BB32A99579000F459BE /* Jost-ExtraBoldItalic.ttf */ = {isa = PBXFileReference; lastKnownFileType = file; path = "Jost-ExtraBoldItalic.ttf"; sourceTree = "<group>"; };
		74FF5BB42A99579000F459BE /* Nunito-Light.ttf */ = {isa = PBXFileReference; lastKnownFileType = file; path = "Nunito-Light.ttf"; sourceTree = "<group>"; };
		74FF5BB52A99579000F459BE /* Nunito-Italic.ttf */ = {isa = PBXFileReference; lastKnownFileType = file; path = "Nunito-Italic.ttf"; sourceTree = "<group>"; };
		74FF5BB62A99579000F459BE /* Nunito-Regular.ttf */ = {isa = PBXFileReference; lastKnownFileType = file; path = "Nunito-Regular.ttf"; sourceTree = "<group>"; };
		74FF5BB72A99579000F459BE /* Jost-ExtraLightItalic.ttf */ = {isa = PBXFileReference; lastKnownFileType = file; path = "Jost-ExtraLightItalic.ttf"; sourceTree = "<group>"; };
		74FF5BB82A99579000F459BE /* Jost-BlackItalic.ttf */ = {isa = PBXFileReference; lastKnownFileType = file; path = "Jost-BlackItalic.ttf"; sourceTree = "<group>"; };
		74FF5BB92A99579000F459BE /* Jost-SemiBoldItalic.ttf */ = {isa = PBXFileReference; lastKnownFileType = file; path = "Jost-SemiBoldItalic.ttf"; sourceTree = "<group>"; };
		74FF5BBA2A99579000F459BE /* Jost-Italic.ttf */ = {isa = PBXFileReference; lastKnownFileType = file; path = "Jost-Italic.ttf"; sourceTree = "<group>"; };
		74FF5BBB2A99579000F459BE /* Nunito-Bold.ttf */ = {isa = PBXFileReference; lastKnownFileType = file; path = "Nunito-Bold.ttf"; sourceTree = "<group>"; };
		74FF5BBC2A99579000F459BE /* Jost-MediumItalic.ttf */ = {isa = PBXFileReference; lastKnownFileType = file; path = "Jost-MediumItalic.ttf"; sourceTree = "<group>"; };
		74FF5BBD2A99579000F459BE /* Nunito-BlackItalic.ttf */ = {isa = PBXFileReference; lastKnownFileType = file; path = "Nunito-BlackItalic.ttf"; sourceTree = "<group>"; };
		74FF5BBE2A99579000F459BE /* Nunito-LightItalic.ttf */ = {isa = PBXFileReference; lastKnownFileType = file; path = "Nunito-LightItalic.ttf"; sourceTree = "<group>"; };
		74FF5BBF2A99579000F459BE /* Nunito-BoldItalic.ttf */ = {isa = PBXFileReference; lastKnownFileType = file; path = "Nunito-BoldItalic.ttf"; sourceTree = "<group>"; };
		74FF5BC02A99579000F459BE /* Nunito-SemiBold.ttf */ = {isa = PBXFileReference; lastKnownFileType = file; path = "Nunito-SemiBold.ttf"; sourceTree = "<group>"; };
		74FF5BC12A99579000F459BE /* Jost-Black.ttf */ = {isa = PBXFileReference; lastKnownFileType = file; path = "Jost-Black.ttf"; sourceTree = "<group>"; };
		74FF5BC22A99579000F459BE /* Nunito-SemiBoldItalic.ttf */ = {isa = PBXFileReference; lastKnownFileType = file; path = "Nunito-SemiBoldItalic.ttf"; sourceTree = "<group>"; };
		74FF5BC32A99579000F459BE /* Jost-SemiBold.ttf */ = {isa = PBXFileReference; lastKnownFileType = file; path = "Jost-SemiBold.ttf"; sourceTree = "<group>"; };
		74FF5BC42A99579000F459BE /* Nunito-ExtraBold.ttf */ = {isa = PBXFileReference; lastKnownFileType = file; path = "Nunito-ExtraBold.ttf"; sourceTree = "<group>"; };
		74FF5BC52A99579000F459BE /* Jost-Bold.ttf */ = {isa = PBXFileReference; lastKnownFileType = file; path = "Jost-Bold.ttf"; sourceTree = "<group>"; };
		74FF5BC62A99579000F459BE /* Jost-ExtraBold.ttf */ = {isa = PBXFileReference; lastKnownFileType = file; path = "Jost-ExtraBold.ttf"; sourceTree = "<group>"; };
		74FF5BC72A99579100F459BE /* Jost-ExtraLight.ttf */ = {isa = PBXFileReference; lastKnownFileType = file; path = "Jost-ExtraLight.ttf"; sourceTree = "<group>"; };
		74FF5BC82A99579100F459BE /* Jost-BoldItalic.ttf */ = {isa = PBXFileReference; lastKnownFileType = file; path = "Jost-BoldItalic.ttf"; sourceTree = "<group>"; };
		74FF5BC92A99579100F459BE /* Nunito-Medium.ttf */ = {isa = PBXFileReference; lastKnownFileType = file; path = "Nunito-Medium.ttf"; sourceTree = "<group>"; };
		74FF5BCA2A99579100F459BE /* Jost-ThinItalic.ttf */ = {isa = PBXFileReference; lastKnownFileType = file; path = "Jost-ThinItalic.ttf"; sourceTree = "<group>"; };
		74FF5BCB2A99579100F459BE /* Jost-Regular.ttf */ = {isa = PBXFileReference; lastKnownFileType = file; path = "Jost-Regular.ttf"; sourceTree = "<group>"; };
		74FF5BCC2A99579100F459BE /* Nunito-ExtraLight.ttf */ = {isa = PBXFileReference; lastKnownFileType = file; path = "Nunito-ExtraLight.ttf"; sourceTree = "<group>"; };
		74FF5BF02A99580500F459BE /* OnboardingView.swift */ = {isa = PBXFileReference; lastKnownFileType = sourcecode.swift; path = OnboardingView.swift; sourceTree = "<group>"; };
		74FF5BF62A99586E00F459BE /* MainView.swift */ = {isa = PBXFileReference; lastKnownFileType = sourcecode.swift; path = MainView.swift; sourceTree = "<group>"; };
		74FF5BF82A99639700F459BE /* StoreView.swift */ = {isa = PBXFileReference; lastKnownFileType = sourcecode.swift; path = StoreView.swift; sourceTree = "<group>"; };
		74FF5BFA2A9963AD00F459BE /* SettingsView.swift */ = {isa = PBXFileReference; lastKnownFileType = sourcecode.swift; path = SettingsView.swift; sourceTree = "<group>"; };
		74FF5BFC2A9963BB00F459BE /* ClockView.swift */ = {isa = PBXFileReference; lastKnownFileType = sourcecode.swift; path = ClockView.swift; sourceTree = "<group>"; };
/* End PBXFileReference section */

/* Begin PBXFrameworksBuildPhase section */
		74FF5B7F2A9952B800F459BE /* Frameworks */ = {
			isa = PBXFrameworksBuildPhase;
			buildActionMask = 2147483647;
			files = (
				7467BC0C2B11E0C5001F4878 /* FirebaseMLModelDownloader in Frameworks */,
				7467BBF82B11E0C5001F4878 /* FirebaseDatabaseSwift in Frameworks */,
				7467BBFA2B11E0C5001F4878 /* FirebaseDynamicLinks in Frameworks */,
				7467BC202B147334001F4878 /* RealmSwift in Frameworks */,
				7467BBDC2B11E03C001F4878 /* FirebaseAppDistribution-Beta in Frameworks */,
				7467BBF22B11E0C5001F4878 /* FirebaseAuthCombine-Community in Frameworks */,
				7467BBE02B11E03C001F4878 /* FirebaseAuthCombine-Community in Frameworks */,
				7467BC002B11E0C5001F4878 /* FirebaseFirestoreSwift in Frameworks */,
				7467BBF02B11E0C5001F4878 /* FirebaseAuth in Frameworks */,
				7467BBD62B11E03C001F4878 /* FirebaseAnalyticsSwift in Frameworks */,
				7467BBD82B11E03C001F4878 /* FirebaseAnalyticsWithoutAdIdSupport in Frameworks */,
				7467BC0A2B11E0C5001F4878 /* FirebaseInstallations in Frameworks */,
				7467BC102B11E0C5001F4878 /* FirebasePerformance in Frameworks */,
				7467BC022B11E0C5001F4878 /* FirebaseFunctions in Frameworks */,
				7467BBD22B11E03C001F4878 /* FirebaseAnalytics in Frameworks */,
				7467BBFE2B11E0C5001F4878 /* FirebaseFirestoreCombine-Community in Frameworks */,
				7467BBD42B11E03C001F4878 /* FirebaseAnalyticsOnDeviceConversion in Frameworks */,
				7467BBE42B11E0C5001F4878 /* FirebaseAnalytics in Frameworks */,
				7467BC142B11E0C5001F4878 /* FirebaseRemoteConfigSwift in Frameworks */,
				7467BC0E2B11E0C5001F4878 /* FirebaseMessaging in Frameworks */,
				7467BBEE2B11E0C5001F4878 /* FirebaseAppDistribution-Beta in Frameworks */,
				7467BC1E2B147334001F4878 /* Realm in Frameworks */,
				7467BC062B11E0C5001F4878 /* FirebaseInAppMessaging-Beta in Frameworks */,
				7467BBF62B11E0C5001F4878 /* FirebaseDatabase in Frameworks */,
				7467BC122B11E0C5001F4878 /* FirebaseRemoteConfig in Frameworks */,
				7467BC182B11E0C5001F4878 /* FirebaseStorageCombine-Community in Frameworks */,
				7467BBE62B11E0C5001F4878 /* FirebaseAnalyticsOnDeviceConversion in Frameworks */,
				7467BBDA2B11E03C001F4878 /* FirebaseAppCheck in Frameworks */,
				7467BBFC2B11E0C5001F4878 /* FirebaseFirestore in Frameworks */,
				7467BC082B11E0C5001F4878 /* FirebaseInAppMessagingSwift-Beta in Frameworks */,
				7467BBE82B11E0C5001F4878 /* FirebaseAnalyticsSwift in Frameworks */,
				7467BC042B11E0C5001F4878 /* FirebaseFunctionsCombine-Community in Frameworks */,
				7467BC162B11E0C5001F4878 /* FirebaseStorage in Frameworks */,
				7467BBE22B11E03C001F4878 /* FirebaseCrashlytics in Frameworks */,
				7467BBF42B11E0C5001F4878 /* FirebaseCrashlytics in Frameworks */,
				7467BBEA2B11E0C5001F4878 /* FirebaseAnalyticsWithoutAdIdSupport in Frameworks */,
				2B4D312B2A9B6BE20013D8B2 /* DynamicColor in Frameworks */,
				7467BBEC2B11E0C5001F4878 /* FirebaseAppCheck in Frameworks */,
				7467BBDE2B11E03C001F4878 /* FirebaseAuth in Frameworks */,
			);
			runOnlyForDeploymentPostprocessing = 0;
		};
/* End PBXFrameworksBuildPhase section */

/* Begin PBXGroup section */
		2B4D31242A9B658C0013D8B2 /* ClockCreatorScreen */ = {
			isa = PBXGroup;
			children = (
				2B4D31252A9B65B80013D8B2 /* ClockCreatorView.swift */,
				2B4D312E2A9B7AB80013D8B2 /* ClockCreatorViewModel.swift */,
			);
			path = ClockCreatorScreen;
			sourceTree = "<group>";
		};
		2B576C0F2A9D576200C9CCF0 /* AccountScreen */ = {
			isa = PBXGroup;
			children = (
				2B576C0D2A9D574800C9CCF0 /* AccountView.swift */,
				2B576C102A9D577B00C9CCF0 /* AccountViewModel.swift */,
			);
			path = AccountScreen;
			sourceTree = "<group>";
		};
		7467BC212B154B4C001F4878 /* Persistance */ = {
			isa = PBXGroup;
			children = (
				7467BC222B154B6E001F4878 /* RealmData.swift */,
			);
			path = Persistance;
			sourceTree = "<group>";
		};
		74FF5B792A9952B800F459BE = {
			isa = PBXGroup;
			children = (
				74FF5B842A9952B800F459BE /* ClockSnd */,
				74FF5B832A9952B800F459BE /* Products */,
			);
			sourceTree = "<group>";
		};
		74FF5B832A9952B800F459BE /* Products */ = {
			isa = PBXGroup;
			children = (
				74FF5B822A9952B800F459BE /* ClockSnd.app */,
			);
			name = Products;
			sourceTree = "<group>";
		};
		74FF5B842A9952B800F459BE /* ClockSnd */ = {
			isa = PBXGroup;
			children = (
				7467BC212B154B4C001F4878 /* Persistance */,
				74FF5BA52A9955F500F459BE /* Info.plist */,
				2B576C0F2A9D576200C9CCF0 /* AccountScreen */,
				74FF5B972A99537F00F459BE /* Components */,
				74FF5B962A99535000F459BE /* SettingsScreen */,
				74FF5B952A99533B00F459BE /* StoreScreen */,
				2B4D31242A9B658C0013D8B2 /* ClockCreatorScreen */,
				74FF5B942A99532900F459BE /* HomeScreen */,
				74FF5BF22A99581F00F459BE /* ClockScreen */,
				74FF5BEF2A9957E900F459BE /* Onboarding */,
				74FF5BF32A99583C00F459BE /* MainScreen */,
				74FF5B892A9952B900F459BE /* Assets.xcassets */,
				2B576C122A9D586C00C9CCF0 /* GoogleService-Info.plist */,
				74FF5B852A9952B800F459BE /* ClockSndApp.swift */,
				74FF5B8B2A9952B900F459BE /* ClockSnd.entitlements */,
				74FF5B8C2A9952B900F459BE /* Preview Content */,
				7467BC192B13FB58001F4878 /* CoreDataClocks.xcdatamodeld */,
			);
			path = ClockSnd;
			sourceTree = "<group>";
		};
		74FF5B8C2A9952B900F459BE /* Preview Content */ = {
			isa = PBXGroup;
			children = (
				74FF5B8D2A9952B900F459BE /* Preview Assets.xcassets */,
			);
			path = "Preview Content";
			sourceTree = "<group>";
		};
		74FF5B942A99532900F459BE /* HomeScreen */ = {
			isa = PBXGroup;
			children = (
				74FF5B9A2A99543900F459BE /* HomeView.swift */,
				2B4D31182A9A89BE0013D8B2 /* GlobalClockManager.swift */,
			);
			path = HomeScreen;
			sourceTree = "<group>";
		};
		74FF5B952A99533B00F459BE /* StoreScreen */ = {
			isa = PBXGroup;
			children = (
				74FF5BF82A99639700F459BE /* StoreView.swift */,
			);
			path = StoreScreen;
			sourceTree = "<group>";
		};
		74FF5B962A99535000F459BE /* SettingsScreen */ = {
			isa = PBXGroup;
			children = (
				74FF5BFA2A9963AD00F459BE /* SettingsView.swift */,
				2B4D311E2A9AC2230013D8B2 /* AboutView.swift */,
				2B4D31202A9AC2850013D8B2 /* AppearanceView.swift */,
				2B4D31222A9AC2B40013D8B2 /* HelpView.swift */,
			);
			path = SettingsScreen;
			sourceTree = "<group>";
		};
		74FF5B972A99537F00F459BE /* Components */ = {
			isa = PBXGroup;
			children = (
				74FF5BAA2A99577F00F459BE /* Fonts */,
				74FF5BA02A99553D00F459BE /* Extensions */,
				74FF5B9E2A99550F00F459BE /* SndText.swift */,
				74BF673F2AA4C6B2001D4FB5 /* SndTextField.swift */,
			);
			path = Components;
			sourceTree = "<group>";
		};
		74FF5BA02A99553D00F459BE /* Extensions */ = {
			isa = PBXGroup;
			children = (
				74FF5BA12A99557000F459BE /* Font+Extensions.swift */,
				74FF5BA32A99559E00F459BE /* Color+Extensions.swift */,
			);
			path = Extensions;
			sourceTree = "<group>";
		};
		74FF5BAA2A99577F00F459BE /* Fonts */ = {
			isa = PBXGroup;
			children = (
				74FF5BC12A99579000F459BE /* Jost-Black.ttf */,
				74FF5BB82A99579000F459BE /* Jost-BlackItalic.ttf */,
				74FF5BC52A99579000F459BE /* Jost-Bold.ttf */,
				74FF5BC82A99579100F459BE /* Jost-BoldItalic.ttf */,
				74FF5BC62A99579000F459BE /* Jost-ExtraBold.ttf */,
				74FF5BB32A99579000F459BE /* Jost-ExtraBoldItalic.ttf */,
				74FF5BC72A99579100F459BE /* Jost-ExtraLight.ttf */,
				74FF5BB72A99579000F459BE /* Jost-ExtraLightItalic.ttf */,
				74FF5BBA2A99579000F459BE /* Jost-Italic.ttf */,
				74FF5BB12A99578F00F459BE /* Jost-Light.ttf */,
				74FF5BB02A99578F00F459BE /* Jost-LightItalic.ttf */,
				74FF5BB22A99578F00F459BE /* Jost-Medium.ttf */,
				74FF5BBC2A99579000F459BE /* Jost-MediumItalic.ttf */,
				74FF5BCB2A99579100F459BE /* Jost-Regular.ttf */,
				74FF5BC32A99579000F459BE /* Jost-SemiBold.ttf */,
				74FF5BB92A99579000F459BE /* Jost-SemiBoldItalic.ttf */,
				74FF5BAF2A99578F00F459BE /* Jost-Thin.ttf */,
				74FF5BCA2A99579100F459BE /* Jost-ThinItalic.ttf */,
				74FF5BAD2A99578F00F459BE /* Nunito-Black.ttf */,
				74FF5BBD2A99579000F459BE /* Nunito-BlackItalic.ttf */,
				74FF5BBB2A99579000F459BE /* Nunito-Bold.ttf */,
				74FF5BBF2A99579000F459BE /* Nunito-BoldItalic.ttf */,
				74FF5BC42A99579000F459BE /* Nunito-ExtraBold.ttf */,
				74FF5BAE2A99578F00F459BE /* Nunito-ExtraBoldItalic.ttf */,
				74FF5BCC2A99579100F459BE /* Nunito-ExtraLight.ttf */,
				74FF5BAB2A99578F00F459BE /* Nunito-ExtraLightItalic.ttf */,
				74FF5BB52A99579000F459BE /* Nunito-Italic.ttf */,
				74FF5BB42A99579000F459BE /* Nunito-Light.ttf */,
				74FF5BBE2A99579000F459BE /* Nunito-LightItalic.ttf */,
				74FF5BC92A99579100F459BE /* Nunito-Medium.ttf */,
				74FF5BAC2A99578F00F459BE /* Nunito-MediumItalic.ttf */,
				74FF5BB62A99579000F459BE /* Nunito-Regular.ttf */,
				74FF5BC02A99579000F459BE /* Nunito-SemiBold.ttf */,
				74FF5BC22A99579000F459BE /* Nunito-SemiBoldItalic.ttf */,
			);
			path = Fonts;
			sourceTree = "<group>";
		};
		74FF5BEF2A9957E900F459BE /* Onboarding */ = {
			isa = PBXGroup;
			children = (
				74FF5BF02A99580500F459BE /* OnboardingView.swift */,
			);
			path = Onboarding;
			sourceTree = "<group>";
		};
		74FF5BF22A99581F00F459BE /* ClockScreen */ = {
			isa = PBXGroup;
			children = (
				74FF5BFC2A9963BB00F459BE /* ClockView.swift */,
				2B4D311A2A9A8A050013D8B2 /* ClockModel.swift */,
			);
			path = ClockScreen;
			sourceTree = "<group>";
		};
		74FF5BF32A99583C00F459BE /* MainScreen */ = {
			isa = PBXGroup;
			children = (
				74FF5B982A9953B700F459BE /* TabBarView.swift */,
				74FF5BF62A99586E00F459BE /* MainView.swift */,
			);
			path = MainScreen;
			sourceTree = "<group>";
		};
/* End PBXGroup section */

/* Begin PBXNativeTarget section */
		74FF5B812A9952B800F459BE /* ClockSnd */ = {
			isa = PBXNativeTarget;
			buildConfigurationList = 74FF5B912A9952B900F459BE /* Build configuration list for PBXNativeTarget "ClockSnd" */;
			buildPhases = (
				74FF5B7E2A9952B800F459BE /* Sources */,
				74FF5B7F2A9952B800F459BE /* Frameworks */,
				74FF5B802A9952B800F459BE /* Resources */,
			);
			buildRules = (
			);
			dependencies = (
			);
			name = ClockSnd;
			packageProductDependencies = (
				2B4D312A2A9B6BE20013D8B2 /* DynamicColor */,
				7467BBD12B11E03C001F4878 /* FirebaseAnalytics */,
				7467BBD32B11E03C001F4878 /* FirebaseAnalyticsOnDeviceConversion */,
				7467BBD52B11E03C001F4878 /* FirebaseAnalyticsSwift */,
				7467BBD72B11E03C001F4878 /* FirebaseAnalyticsWithoutAdIdSupport */,
				7467BBD92B11E03C001F4878 /* FirebaseAppCheck */,
				7467BBDB2B11E03C001F4878 /* FirebaseAppDistribution-Beta */,
				7467BBDD2B11E03C001F4878 /* FirebaseAuth */,
				7467BBDF2B11E03C001F4878 /* FirebaseAuthCombine-Community */,
				7467BBE12B11E03C001F4878 /* FirebaseCrashlytics */,
				7467BBE32B11E0C5001F4878 /* FirebaseAnalytics */,
				7467BBE52B11E0C5001F4878 /* FirebaseAnalyticsOnDeviceConversion */,
				7467BBE72B11E0C5001F4878 /* FirebaseAnalyticsSwift */,
				7467BBE92B11E0C5001F4878 /* FirebaseAnalyticsWithoutAdIdSupport */,
				7467BBEB2B11E0C5001F4878 /* FirebaseAppCheck */,
				7467BBED2B11E0C5001F4878 /* FirebaseAppDistribution-Beta */,
				7467BBEF2B11E0C5001F4878 /* FirebaseAuth */,
				7467BBF12B11E0C5001F4878 /* FirebaseAuthCombine-Community */,
				7467BBF32B11E0C5001F4878 /* FirebaseCrashlytics */,
				7467BBF52B11E0C5001F4878 /* FirebaseDatabase */,
				7467BBF72B11E0C5001F4878 /* FirebaseDatabaseSwift */,
				7467BBF92B11E0C5001F4878 /* FirebaseDynamicLinks */,
				7467BBFB2B11E0C5001F4878 /* FirebaseFirestore */,
				7467BBFD2B11E0C5001F4878 /* FirebaseFirestoreCombine-Community */,
				7467BBFF2B11E0C5001F4878 /* FirebaseFirestoreSwift */,
				7467BC012B11E0C5001F4878 /* FirebaseFunctions */,
				7467BC032B11E0C5001F4878 /* FirebaseFunctionsCombine-Community */,
				7467BC052B11E0C5001F4878 /* FirebaseInAppMessaging-Beta */,
				7467BC072B11E0C5001F4878 /* FirebaseInAppMessagingSwift-Beta */,
				7467BC092B11E0C5001F4878 /* FirebaseInstallations */,
				7467BC0B2B11E0C5001F4878 /* FirebaseMLModelDownloader */,
				7467BC0D2B11E0C5001F4878 /* FirebaseMessaging */,
				7467BC0F2B11E0C5001F4878 /* FirebasePerformance */,
				7467BC112B11E0C5001F4878 /* FirebaseRemoteConfig */,
				7467BC132B11E0C5001F4878 /* FirebaseRemoteConfigSwift */,
				7467BC152B11E0C5001F4878 /* FirebaseStorage */,
				7467BC172B11E0C5001F4878 /* FirebaseStorageCombine-Community */,
				7467BC1D2B147334001F4878 /* Realm */,
				7467BC1F2B147334001F4878 /* RealmSwift */,
			);
			productName = ClockSnd;
			productReference = 74FF5B822A9952B800F459BE /* ClockSnd.app */;
			productType = "com.apple.product-type.application";
		};
/* End PBXNativeTarget section */

/* Begin PBXProject section */
		74FF5B7A2A9952B800F459BE /* Project object */ = {
			isa = PBXProject;
			attributes = {
				BuildIndependentTargetsInParallel = 1;
				LastSwiftUpdateCheck = 1430;
				LastUpgradeCheck = 1500;
				TargetAttributes = {
					74FF5B812A9952B800F459BE = {
						CreatedOnToolsVersion = 14.3.1;
					};
				};
			};
			buildConfigurationList = 74FF5B7D2A9952B800F459BE /* Build configuration list for PBXProject "ClockSnd" */;
			compatibilityVersion = "Xcode 14.0";
			developmentRegion = en;
			hasScannedForEncodings = 0;
			knownRegions = (
				en,
				Base,
			);
			mainGroup = 74FF5B792A9952B800F459BE;
			packageReferences = (
				2B4D31292A9B6BE20013D8B2 /* XCRemoteSwiftPackageReference "DynamicColor" */,
				7467BBD02B11E03C001F4878 /* XCRemoteSwiftPackageReference "firebase-ios-sdk" */,
				7467BC1C2B147334001F4878 /* XCRemoteSwiftPackageReference "realm-swift" */,
			);
			productRefGroup = 74FF5B832A9952B800F459BE /* Products */;
			projectDirPath = "";
			projectRoot = "";
			targets = (
				74FF5B812A9952B800F459BE /* ClockSnd */,
			);
		};
/* End PBXProject section */

/* Begin PBXResourcesBuildPhase section */
		74FF5B802A9952B800F459BE /* Resources */ = {
			isa = PBXResourcesBuildPhase;
			buildActionMask = 2147483647;
			files = (
				74FF5BD82A99579100F459BE /* Nunito-Regular.ttf in Resources */,
				74FF5BD52A99579100F459BE /* Jost-ExtraBoldItalic.ttf in Resources */,
				74FF5BD22A99579100F459BE /* Jost-LightItalic.ttf in Resources */,
				74FF5BE42A99579100F459BE /* Nunito-SemiBoldItalic.ttf in Resources */,
				74FF5BE32A99579100F459BE /* Jost-Black.ttf in Resources */,
				74FF5BE22A99579100F459BE /* Nunito-SemiBold.ttf in Resources */,
				74FF5BD92A99579100F459BE /* Jost-ExtraLightItalic.ttf in Resources */,
				74FF5BD12A99579100F459BE /* Jost-Thin.ttf in Resources */,
				74FF5BDD2A99579100F459BE /* Nunito-Bold.ttf in Resources */,
				74FF5BD42A99579100F459BE /* Jost-Medium.ttf in Resources */,
				74FF5BD72A99579100F459BE /* Nunito-Italic.ttf in Resources */,
				74FF5BDA2A99579100F459BE /* Jost-BlackItalic.ttf in Resources */,
				2B576C132A9D586C00C9CCF0 /* GoogleService-Info.plist in Resources */,
				74FF5BE52A99579100F459BE /* Jost-SemiBold.ttf in Resources */,
				74FF5BE82A99579100F459BE /* Jost-ExtraBold.ttf in Resources */,
				74FF5BEA2A99579100F459BE /* Jost-BoldItalic.ttf in Resources */,
				74FF5BDB2A99579100F459BE /* Jost-SemiBoldItalic.ttf in Resources */,
				74FF5BDC2A99579100F459BE /* Jost-Italic.ttf in Resources */,
				74FF5BD32A99579100F459BE /* Jost-Light.ttf in Resources */,
				74FF5B8E2A9952B900F459BE /* Preview Assets.xcassets in Resources */,
				74FF5B8A2A9952B900F459BE /* Assets.xcassets in Resources */,
				74FF5BCE2A99579100F459BE /* Nunito-MediumItalic.ttf in Resources */,
				74FF5BD62A99579100F459BE /* Nunito-Light.ttf in Resources */,
				74FF5BED2A99579100F459BE /* Jost-Regular.ttf in Resources */,
				74FF5BDF2A99579100F459BE /* Nunito-BlackItalic.ttf in Resources */,
				74FF5BE12A99579100F459BE /* Nunito-BoldItalic.ttf in Resources */,
				74FF5BE92A99579100F459BE /* Jost-ExtraLight.ttf in Resources */,
				74FF5BCD2A99579100F459BE /* Nunito-ExtraLightItalic.ttf in Resources */,
				74FF5BD02A99579100F459BE /* Nunito-ExtraBoldItalic.ttf in Resources */,
				74FF5BE62A99579100F459BE /* Nunito-ExtraBold.ttf in Resources */,
				74FF5BCF2A99579100F459BE /* Nunito-Black.ttf in Resources */,
				74FF5BEC2A99579100F459BE /* Jost-ThinItalic.ttf in Resources */,
				74FF5BEB2A99579100F459BE /* Nunito-Medium.ttf in Resources */,
				74FF5BE72A99579100F459BE /* Jost-Bold.ttf in Resources */,
				74FF5BE02A99579100F459BE /* Nunito-LightItalic.ttf in Resources */,
				74FF5BDE2A99579100F459BE /* Jost-MediumItalic.ttf in Resources */,
				74FF5BEE2A99579100F459BE /* Nunito-ExtraLight.ttf in Resources */,
			);
			runOnlyForDeploymentPostprocessing = 0;
		};
/* End PBXResourcesBuildPhase section */

/* Begin PBXSourcesBuildPhase section */
		74FF5B7E2A9952B800F459BE /* Sources */ = {
			isa = PBXSourcesBuildPhase;
			buildActionMask = 2147483647;
			files = (
				2B4D312F2A9B7AB80013D8B2 /* ClockCreatorViewModel.swift in Sources */,
				2B576C112A9D577B00C9CCF0 /* AccountViewModel.swift in Sources */,
				74FF5B9B2A99543900F459BE /* HomeView.swift in Sources */,
				74FF5BF72A99586E00F459BE /* MainView.swift in Sources */,
				2B576C0E2A9D574800C9CCF0 /* AccountView.swift in Sources */,
				74FF5B992A9953B700F459BE /* TabBarView.swift in Sources */,
				74BF67402AA4C6B2001D4FB5 /* SndTextField.swift in Sources */,
				74FF5BFD2A9963BB00F459BE /* ClockView.swift in Sources */,
				2B4D31212A9AC2850013D8B2 /* AppearanceView.swift in Sources */,
				74FF5BA22A99557000F459BE /* Font+Extensions.swift in Sources */,
				74FF5B9F2A99550F00F459BE /* SndText.swift in Sources */,
				74FF5BFB2A9963AD00F459BE /* SettingsView.swift in Sources */,
				2B4D31192A9A89BE0013D8B2 /* GlobalClockManager.swift in Sources */,
				7467BC1B2B13FB58001F4878 /* CoreDataClocks.xcdatamodeld in Sources */,
				2B4D311F2A9AC2230013D8B2 /* AboutView.swift in Sources */,
				74FF5B862A9952B800F459BE /* ClockSndApp.swift in Sources */,
				2B4D31262A9B65B80013D8B2 /* ClockCreatorView.swift in Sources */,
				74FF5BA42A99559E00F459BE /* Color+Extensions.swift in Sources */,
				2B4D311B2A9A8A060013D8B2 /* ClockModel.swift in Sources */,
				2B4D31232A9AC2B40013D8B2 /* HelpView.swift in Sources */,
				74FF5BF92A99639700F459BE /* StoreView.swift in Sources */,
				74FF5BF12A99580500F459BE /* OnboardingView.swift in Sources */,
				7467BC232B154B6E001F4878 /* RealmData.swift in Sources */,
			);
			runOnlyForDeploymentPostprocessing = 0;
		};
/* End PBXSourcesBuildPhase section */

/* Begin XCBuildConfiguration section */
		74FF5B8F2A9952B900F459BE /* Debug */ = {
			isa = XCBuildConfiguration;
			buildSettings = {
				ALWAYS_SEARCH_USER_PATHS = NO;
				CLANG_ANALYZER_NONNULL = YES;
				CLANG_ANALYZER_NUMBER_OBJECT_CONVERSION = YES_AGGRESSIVE;
				CLANG_CXX_LANGUAGE_STANDARD = "gnu++20";
				CLANG_ENABLE_MODULES = YES;
				CLANG_ENABLE_OBJC_ARC = YES;
				CLANG_ENABLE_OBJC_WEAK = YES;
				CLANG_WARN_BLOCK_CAPTURE_AUTORELEASING = YES;
				CLANG_WARN_BOOL_CONVERSION = YES;
				CLANG_WARN_COMMA = YES;
				CLANG_WARN_CONSTANT_CONVERSION = YES;
				CLANG_WARN_DEPRECATED_OBJC_IMPLEMENTATIONS = YES;
				CLANG_WARN_DIRECT_OBJC_ISA_USAGE = YES_ERROR;
				CLANG_WARN_DOCUMENTATION_COMMENTS = YES;
				CLANG_WARN_EMPTY_BODY = YES;
				CLANG_WARN_ENUM_CONVERSION = YES;
				CLANG_WARN_INFINITE_RECURSION = YES;
				CLANG_WARN_INT_CONVERSION = YES;
				CLANG_WARN_NON_LITERAL_NULL_CONVERSION = YES;
				CLANG_WARN_OBJC_IMPLICIT_RETAIN_SELF = YES;
				CLANG_WARN_OBJC_LITERAL_CONVERSION = YES;
				CLANG_WARN_OBJC_ROOT_CLASS = YES_ERROR;
				CLANG_WARN_QUOTED_INCLUDE_IN_FRAMEWORK_HEADER = YES;
				CLANG_WARN_RANGE_LOOP_ANALYSIS = YES;
				CLANG_WARN_STRICT_PROTOTYPES = YES;
				CLANG_WARN_SUSPICIOUS_MOVE = YES;
				CLANG_WARN_UNGUARDED_AVAILABILITY = YES_AGGRESSIVE;
				CLANG_WARN_UNREACHABLE_CODE = YES;
				CLANG_WARN__DUPLICATE_METHOD_MATCH = YES;
				COPY_PHASE_STRIP = NO;
				DEAD_CODE_STRIPPING = YES;
				DEBUG_INFORMATION_FORMAT = dwarf;
				ENABLE_STRICT_OBJC_MSGSEND = YES;
				ENABLE_TESTABILITY = YES;
				ENABLE_USER_SCRIPT_SANDBOXING = YES;
				GCC_C_LANGUAGE_STANDARD = gnu11;
				GCC_DYNAMIC_NO_PIC = NO;
				GCC_NO_COMMON_BLOCKS = YES;
				GCC_OPTIMIZATION_LEVEL = 0;
				GCC_PREPROCESSOR_DEFINITIONS = (
					"DEBUG=1",
					"$(inherited)",
				);
				GCC_WARN_64_TO_32_BIT_CONVERSION = YES;
				GCC_WARN_ABOUT_RETURN_TYPE = YES_ERROR;
				GCC_WARN_UNDECLARED_SELECTOR = YES;
				GCC_WARN_UNINITIALIZED_AUTOS = YES_AGGRESSIVE;
				GCC_WARN_UNUSED_FUNCTION = YES;
				GCC_WARN_UNUSED_VARIABLE = YES;
				MTL_ENABLE_DEBUG_INFO = INCLUDE_SOURCE;
				MTL_FAST_MATH = YES;
				ONLY_ACTIVE_ARCH = YES;
				SWIFT_ACTIVE_COMPILATION_CONDITIONS = DEBUG;
				SWIFT_OPTIMIZATION_LEVEL = "-Onone";
			};
			name = Debug;
		};
		74FF5B902A9952B900F459BE /* Release */ = {
			isa = XCBuildConfiguration;
			buildSettings = {
				ALWAYS_SEARCH_USER_PATHS = NO;
				CLANG_ANALYZER_NONNULL = YES;
				CLANG_ANALYZER_NUMBER_OBJECT_CONVERSION = YES_AGGRESSIVE;
				CLANG_CXX_LANGUAGE_STANDARD = "gnu++20";
				CLANG_ENABLE_MODULES = YES;
				CLANG_ENABLE_OBJC_ARC = YES;
				CLANG_ENABLE_OBJC_WEAK = YES;
				CLANG_WARN_BLOCK_CAPTURE_AUTORELEASING = YES;
				CLANG_WARN_BOOL_CONVERSION = YES;
				CLANG_WARN_COMMA = YES;
				CLANG_WARN_CONSTANT_CONVERSION = YES;
				CLANG_WARN_DEPRECATED_OBJC_IMPLEMENTATIONS = YES;
				CLANG_WARN_DIRECT_OBJC_ISA_USAGE = YES_ERROR;
				CLANG_WARN_DOCUMENTATION_COMMENTS = YES;
				CLANG_WARN_EMPTY_BODY = YES;
				CLANG_WARN_ENUM_CONVERSION = YES;
				CLANG_WARN_INFINITE_RECURSION = YES;
				CLANG_WARN_INT_CONVERSION = YES;
				CLANG_WARN_NON_LITERAL_NULL_CONVERSION = YES;
				CLANG_WARN_OBJC_IMPLICIT_RETAIN_SELF = YES;
				CLANG_WARN_OBJC_LITERAL_CONVERSION = YES;
				CLANG_WARN_OBJC_ROOT_CLASS = YES_ERROR;
				CLANG_WARN_QUOTED_INCLUDE_IN_FRAMEWORK_HEADER = YES;
				CLANG_WARN_RANGE_LOOP_ANALYSIS = YES;
				CLANG_WARN_STRICT_PROTOTYPES = YES;
				CLANG_WARN_SUSPICIOUS_MOVE = YES;
				CLANG_WARN_UNGUARDED_AVAILABILITY = YES_AGGRESSIVE;
				CLANG_WARN_UNREACHABLE_CODE = YES;
				CLANG_WARN__DUPLICATE_METHOD_MATCH = YES;
				COPY_PHASE_STRIP = NO;
				DEAD_CODE_STRIPPING = YES;
				DEBUG_INFORMATION_FORMAT = "dwarf-with-dsym";
				ENABLE_NS_ASSERTIONS = NO;
				ENABLE_STRICT_OBJC_MSGSEND = YES;
				ENABLE_USER_SCRIPT_SANDBOXING = YES;
				GCC_C_LANGUAGE_STANDARD = gnu11;
				GCC_NO_COMMON_BLOCKS = YES;
				GCC_WARN_64_TO_32_BIT_CONVERSION = YES;
				GCC_WARN_ABOUT_RETURN_TYPE = YES_ERROR;
				GCC_WARN_UNDECLARED_SELECTOR = YES;
				GCC_WARN_UNINITIALIZED_AUTOS = YES_AGGRESSIVE;
				GCC_WARN_UNUSED_FUNCTION = YES;
				GCC_WARN_UNUSED_VARIABLE = YES;
				MTL_ENABLE_DEBUG_INFO = NO;
				MTL_FAST_MATH = YES;
				SWIFT_COMPILATION_MODE = wholemodule;
				SWIFT_OPTIMIZATION_LEVEL = "-O";
			};
			name = Release;
		};
		74FF5B922A9952B900F459BE /* Debug */ = {
			isa = XCBuildConfiguration;
			buildSettings = {
				ASSETCATALOG_COMPILER_APPICON_NAME = AppIcon;
				ASSETCATALOG_COMPILER_GLOBAL_ACCENT_COLOR_NAME = AccentColor;
				CODE_SIGN_ENTITLEMENTS = ClockSnd/ClockSnd.entitlements;
				CODE_SIGN_STYLE = Automatic;
				CURRENT_PROJECT_VERSION = 1;
				DEAD_CODE_STRIPPING = YES;
				DEVELOPMENT_ASSET_PATHS = "\"ClockSnd/Preview Content\"";
				DEVELOPMENT_TEAM = 3RUKQT5YM7;
				ENABLE_HARDENED_RUNTIME = YES;
				ENABLE_PREVIEWS = YES;
				GENERATE_INFOPLIST_FILE = YES;
				INFOPLIST_FILE = ClockSnd/Info.plist;
				"INFOPLIST_KEY_UIApplicationSceneManifest_Generation[sdk=iphoneos*]" = YES;
				"INFOPLIST_KEY_UIApplicationSceneManifest_Generation[sdk=iphonesimulator*]" = YES;
				"INFOPLIST_KEY_UIApplicationSupportsIndirectInputEvents[sdk=iphoneos*]" = YES;
				"INFOPLIST_KEY_UIApplicationSupportsIndirectInputEvents[sdk=iphonesimulator*]" = YES;
				"INFOPLIST_KEY_UILaunchScreen_Generation[sdk=iphoneos*]" = YES;
				"INFOPLIST_KEY_UILaunchScreen_Generation[sdk=iphonesimulator*]" = YES;
				"INFOPLIST_KEY_UIStatusBarStyle[sdk=iphoneos*]" = UIStatusBarStyleDefault;
				"INFOPLIST_KEY_UIStatusBarStyle[sdk=iphonesimulator*]" = UIStatusBarStyleDefault;
				INFOPLIST_KEY_UISupportedInterfaceOrientations = UIInterfaceOrientationPortrait;
				INFOPLIST_KEY_UISupportedInterfaceOrientations_iPad = "UIInterfaceOrientationPortrait UIInterfaceOrientationPortraitUpsideDown UIInterfaceOrientationLandscapeLeft UIInterfaceOrientationLandscapeRight";
				INFOPLIST_KEY_UISupportedInterfaceOrientations_iPhone = UIInterfaceOrientationPortrait;
				IPHONEOS_DEPLOYMENT_TARGET = 17.0;
				LD_RUNPATH_SEARCH_PATHS = "@executable_path/Frameworks";
				"LD_RUNPATH_SEARCH_PATHS[sdk=macosx*]" = "@executable_path/../Frameworks";
				MACOSX_DEPLOYMENT_TARGET = 13.2;
				MARKETING_VERSION = 1.0;
				PRODUCT_BUNDLE_IDENTIFIER = com.UndCompany.ClockSnd;
				PRODUCT_NAME = "$(TARGET_NAME)";
				SDKROOT = auto;
				SUPPORTED_PLATFORMS = "iphoneos iphonesimulator";
				SUPPORTS_MACCATALYST = NO;
				SUPPORTS_MAC_DESIGNED_FOR_IPHONE_IPAD = NO;
				SWIFT_EMIT_LOC_STRINGS = YES;
				SWIFT_VERSION = 5.0;
				TARGETED_DEVICE_FAMILY = "1,2";
			};
			name = Debug;
		};
		74FF5B932A9952B900F459BE /* Release */ = {
			isa = XCBuildConfiguration;
			buildSettings = {
				ASSETCATALOG_COMPILER_APPICON_NAME = AppIcon;
				ASSETCATALOG_COMPILER_GLOBAL_ACCENT_COLOR_NAME = AccentColor;
				CODE_SIGN_ENTITLEMENTS = ClockSnd/ClockSnd.entitlements;
				CODE_SIGN_STYLE = Automatic;
				CURRENT_PROJECT_VERSION = 1;
				DEAD_CODE_STRIPPING = YES;
				DEVELOPMENT_ASSET_PATHS = "\"ClockSnd/Preview Content\"";
				DEVELOPMENT_TEAM = 3RUKQT5YM7;
				ENABLE_HARDENED_RUNTIME = YES;
				ENABLE_PREVIEWS = YES;
				GENERATE_INFOPLIST_FILE = YES;
				INFOPLIST_FILE = ClockSnd/Info.plist;
				"INFOPLIST_KEY_UIApplicationSceneManifest_Generation[sdk=iphoneos*]" = YES;
				"INFOPLIST_KEY_UIApplicationSceneManifest_Generation[sdk=iphonesimulator*]" = YES;
				"INFOPLIST_KEY_UIApplicationSupportsIndirectInputEvents[sdk=iphoneos*]" = YES;
				"INFOPLIST_KEY_UIApplicationSupportsIndirectInputEvents[sdk=iphonesimulator*]" = YES;
				"INFOPLIST_KEY_UILaunchScreen_Generation[sdk=iphoneos*]" = YES;
				"INFOPLIST_KEY_UILaunchScreen_Generation[sdk=iphonesimulator*]" = YES;
				"INFOPLIST_KEY_UIStatusBarStyle[sdk=iphoneos*]" = UIStatusBarStyleDefault;
				"INFOPLIST_KEY_UIStatusBarStyle[sdk=iphonesimulator*]" = UIStatusBarStyleDefault;
				INFOPLIST_KEY_UISupportedInterfaceOrientations = UIInterfaceOrientationPortrait;
				INFOPLIST_KEY_UISupportedInterfaceOrientations_iPad = "UIInterfaceOrientationPortrait UIInterfaceOrientationPortraitUpsideDown UIInterfaceOrientationLandscapeLeft UIInterfaceOrientationLandscapeRight";
				INFOPLIST_KEY_UISupportedInterfaceOrientations_iPhone = UIInterfaceOrientationPortrait;
				IPHONEOS_DEPLOYMENT_TARGET = 17.0;
				LD_RUNPATH_SEARCH_PATHS = "@executable_path/Frameworks";
				"LD_RUNPATH_SEARCH_PATHS[sdk=macosx*]" = "@executable_path/../Frameworks";
				MACOSX_DEPLOYMENT_TARGET = 13.2;
				MARKETING_VERSION = 1.0;
				PRODUCT_BUNDLE_IDENTIFIER = com.UndCompany.ClockSnd;
				PRODUCT_NAME = "$(TARGET_NAME)";
				SDKROOT = auto;
				SUPPORTED_PLATFORMS = "iphoneos iphonesimulator";
				SUPPORTS_MACCATALYST = NO;
				SUPPORTS_MAC_DESIGNED_FOR_IPHONE_IPAD = NO;
				SWIFT_EMIT_LOC_STRINGS = YES;
				SWIFT_VERSION = 5.0;
				TARGETED_DEVICE_FAMILY = "1,2";
			};
			name = Release;
		};
/* End XCBuildConfiguration section */

/* Begin XCConfigurationList section */
		74FF5B7D2A9952B800F459BE /* Build configuration list for PBXProject "ClockSnd" */ = {
			isa = XCConfigurationList;
			buildConfigurations = (
				74FF5B8F2A9952B900F459BE /* Debug */,
				74FF5B902A9952B900F459BE /* Release */,
			);
			defaultConfigurationIsVisible = 0;
			defaultConfigurationName = Release;
		};
		74FF5B912A9952B900F459BE /* Build configuration list for PBXNativeTarget "ClockSnd" */ = {
			isa = XCConfigurationList;
			buildConfigurations = (
				74FF5B922A9952B900F459BE /* Debug */,
				74FF5B932A9952B900F459BE /* Release */,
			);
			defaultConfigurationIsVisible = 0;
			defaultConfigurationName = Release;
		};
/* End XCConfigurationList section */

/* Begin XCRemoteSwiftPackageReference section */
		2B4D31292A9B6BE20013D8B2 /* XCRemoteSwiftPackageReference "DynamicColor" */ = {
			isa = XCRemoteSwiftPackageReference;
			repositoryURL = "https://github.com/yannickl/DynamicColor";
			requirement = {
				kind = upToNextMajorVersion;
				minimumVersion = 5.0.0;
			};
		};
		7467BBD02B11E03C001F4878 /* XCRemoteSwiftPackageReference "firebase-ios-sdk" */ = {
			isa = XCRemoteSwiftPackageReference;
			repositoryURL = "https://github.com/firebase/firebase-ios-sdk";
			requirement = {
				kind = upToNextMajorVersion;
				minimumVersion = 10.18.0;
			};
		};
		7467BC1C2B147334001F4878 /* XCRemoteSwiftPackageReference "realm-swift" */ = {
			isa = XCRemoteSwiftPackageReference;
			repositoryURL = "https://github.com/realm/realm-swift";
			requirement = {
				branch = master;
				kind = branch;
			};
		};
/* End XCRemoteSwiftPackageReference section */

/* Begin XCSwiftPackageProductDependency section */
		2B4D312A2A9B6BE20013D8B2 /* DynamicColor */ = {
			isa = XCSwiftPackageProductDependency;
			package = 2B4D31292A9B6BE20013D8B2 /* XCRemoteSwiftPackageReference "DynamicColor" */;
			productName = DynamicColor;
		};
		7467BBD12B11E03C001F4878 /* FirebaseAnalytics */ = {
			isa = XCSwiftPackageProductDependency;
			package = 7467BBD02B11E03C001F4878 /* XCRemoteSwiftPackageReference "firebase-ios-sdk" */;
			productName = FirebaseAnalytics;
		};
		7467BBD32B11E03C001F4878 /* FirebaseAnalyticsOnDeviceConversion */ = {
			isa = XCSwiftPackageProductDependency;
			package = 7467BBD02B11E03C001F4878 /* XCRemoteSwiftPackageReference "firebase-ios-sdk" */;
			productName = FirebaseAnalyticsOnDeviceConversion;
		};
		7467BBD52B11E03C001F4878 /* FirebaseAnalyticsSwift */ = {
			isa = XCSwiftPackageProductDependency;
			package = 7467BBD02B11E03C001F4878 /* XCRemoteSwiftPackageReference "firebase-ios-sdk" */;
			productName = FirebaseAnalyticsSwift;
		};
		7467BBD72B11E03C001F4878 /* FirebaseAnalyticsWithoutAdIdSupport */ = {
			isa = XCSwiftPackageProductDependency;
			package = 7467BBD02B11E03C001F4878 /* XCRemoteSwiftPackageReference "firebase-ios-sdk" */;
			productName = FirebaseAnalyticsWithoutAdIdSupport;
		};
		7467BBD92B11E03C001F4878 /* FirebaseAppCheck */ = {
			isa = XCSwiftPackageProductDependency;
			package = 7467BBD02B11E03C001F4878 /* XCRemoteSwiftPackageReference "firebase-ios-sdk" */;
			productName = FirebaseAppCheck;
		};
		7467BBDB2B11E03C001F4878 /* FirebaseAppDistribution-Beta */ = {
			isa = XCSwiftPackageProductDependency;
			package = 7467BBD02B11E03C001F4878 /* XCRemoteSwiftPackageReference "firebase-ios-sdk" */;
			productName = "FirebaseAppDistribution-Beta";
		};
		7467BBDD2B11E03C001F4878 /* FirebaseAuth */ = {
			isa = XCSwiftPackageProductDependency;
			package = 7467BBD02B11E03C001F4878 /* XCRemoteSwiftPackageReference "firebase-ios-sdk" */;
			productName = FirebaseAuth;
		};
		7467BBDF2B11E03C001F4878 /* FirebaseAuthCombine-Community */ = {
			isa = XCSwiftPackageProductDependency;
			package = 7467BBD02B11E03C001F4878 /* XCRemoteSwiftPackageReference "firebase-ios-sdk" */;
			productName = "FirebaseAuthCombine-Community";
		};
		7467BBE12B11E03C001F4878 /* FirebaseCrashlytics */ = {
			isa = XCSwiftPackageProductDependency;
			package = 7467BBD02B11E03C001F4878 /* XCRemoteSwiftPackageReference "firebase-ios-sdk" */;
			productName = FirebaseCrashlytics;
		};
		7467BBE32B11E0C5001F4878 /* FirebaseAnalytics */ = {
			isa = XCSwiftPackageProductDependency;
			package = 7467BBD02B11E03C001F4878 /* XCRemoteSwiftPackageReference "firebase-ios-sdk" */;
			productName = FirebaseAnalytics;
		};
		7467BBE52B11E0C5001F4878 /* FirebaseAnalyticsOnDeviceConversion */ = {
			isa = XCSwiftPackageProductDependency;
			package = 7467BBD02B11E03C001F4878 /* XCRemoteSwiftPackageReference "firebase-ios-sdk" */;
			productName = FirebaseAnalyticsOnDeviceConversion;
		};
		7467BBE72B11E0C5001F4878 /* FirebaseAnalyticsSwift */ = {
			isa = XCSwiftPackageProductDependency;
			package = 7467BBD02B11E03C001F4878 /* XCRemoteSwiftPackageReference "firebase-ios-sdk" */;
			productName = FirebaseAnalyticsSwift;
		};
		7467BBE92B11E0C5001F4878 /* FirebaseAnalyticsWithoutAdIdSupport */ = {
			isa = XCSwiftPackageProductDependency;
			package = 7467BBD02B11E03C001F4878 /* XCRemoteSwiftPackageReference "firebase-ios-sdk" */;
			productName = FirebaseAnalyticsWithoutAdIdSupport;
		};
		7467BBEB2B11E0C5001F4878 /* FirebaseAppCheck */ = {
			isa = XCSwiftPackageProductDependency;
			package = 7467BBD02B11E03C001F4878 /* XCRemoteSwiftPackageReference "firebase-ios-sdk" */;
			productName = FirebaseAppCheck;
		};
		7467BBED2B11E0C5001F4878 /* FirebaseAppDistribution-Beta */ = {
			isa = XCSwiftPackageProductDependency;
			package = 7467BBD02B11E03C001F4878 /* XCRemoteSwiftPackageReference "firebase-ios-sdk" */;
			productName = "FirebaseAppDistribution-Beta";
		};
		7467BBEF2B11E0C5001F4878 /* FirebaseAuth */ = {
			isa = XCSwiftPackageProductDependency;
			package = 7467BBD02B11E03C001F4878 /* XCRemoteSwiftPackageReference "firebase-ios-sdk" */;
			productName = FirebaseAuth;
		};
		7467BBF12B11E0C5001F4878 /* FirebaseAuthCombine-Community */ = {
			isa = XCSwiftPackageProductDependency;
			package = 7467BBD02B11E03C001F4878 /* XCRemoteSwiftPackageReference "firebase-ios-sdk" */;
			productName = "FirebaseAuthCombine-Community";
		};
		7467BBF32B11E0C5001F4878 /* FirebaseCrashlytics */ = {
			isa = XCSwiftPackageProductDependency;
			package = 7467BBD02B11E03C001F4878 /* XCRemoteSwiftPackageReference "firebase-ios-sdk" */;
			productName = FirebaseCrashlytics;
		};
		7467BBF52B11E0C5001F4878 /* FirebaseDatabase */ = {
			isa = XCSwiftPackageProductDependency;
			package = 7467BBD02B11E03C001F4878 /* XCRemoteSwiftPackageReference "firebase-ios-sdk" */;
			productName = FirebaseDatabase;
		};
		7467BBF72B11E0C5001F4878 /* FirebaseDatabaseSwift */ = {
			isa = XCSwiftPackageProductDependency;
			package = 7467BBD02B11E03C001F4878 /* XCRemoteSwiftPackageReference "firebase-ios-sdk" */;
			productName = FirebaseDatabaseSwift;
		};
		7467BBF92B11E0C5001F4878 /* FirebaseDynamicLinks */ = {
			isa = XCSwiftPackageProductDependency;
			package = 7467BBD02B11E03C001F4878 /* XCRemoteSwiftPackageReference "firebase-ios-sdk" */;
			productName = FirebaseDynamicLinks;
		};
		7467BBFB2B11E0C5001F4878 /* FirebaseFirestore */ = {
			isa = XCSwiftPackageProductDependency;
			package = 7467BBD02B11E03C001F4878 /* XCRemoteSwiftPackageReference "firebase-ios-sdk" */;
			productName = FirebaseFirestore;
		};
		7467BBFD2B11E0C5001F4878 /* FirebaseFirestoreCombine-Community */ = {
			isa = XCSwiftPackageProductDependency;
			package = 7467BBD02B11E03C001F4878 /* XCRemoteSwiftPackageReference "firebase-ios-sdk" */;
			productName = "FirebaseFirestoreCombine-Community";
		};
		7467BBFF2B11E0C5001F4878 /* FirebaseFirestoreSwift */ = {
			isa = XCSwiftPackageProductDependency;
			package = 7467BBD02B11E03C001F4878 /* XCRemoteSwiftPackageReference "firebase-ios-sdk" */;
			productName = FirebaseFirestoreSwift;
		};
		7467BC012B11E0C5001F4878 /* FirebaseFunctions */ = {
			isa = XCSwiftPackageProductDependency;
			package = 7467BBD02B11E03C001F4878 /* XCRemoteSwiftPackageReference "firebase-ios-sdk" */;
			productName = FirebaseFunctions;
		};
		7467BC032B11E0C5001F4878 /* FirebaseFunctionsCombine-Community */ = {
			isa = XCSwiftPackageProductDependency;
			package = 7467BBD02B11E03C001F4878 /* XCRemoteSwiftPackageReference "firebase-ios-sdk" */;
			productName = "FirebaseFunctionsCombine-Community";
		};
		7467BC052B11E0C5001F4878 /* FirebaseInAppMessaging-Beta */ = {
			isa = XCSwiftPackageProductDependency;
			package = 7467BBD02B11E03C001F4878 /* XCRemoteSwiftPackageReference "firebase-ios-sdk" */;
			productName = "FirebaseInAppMessaging-Beta";
		};
		7467BC072B11E0C5001F4878 /* FirebaseInAppMessagingSwift-Beta */ = {
			isa = XCSwiftPackageProductDependency;
			package = 7467BBD02B11E03C001F4878 /* XCRemoteSwiftPackageReference "firebase-ios-sdk" */;
			productName = "FirebaseInAppMessagingSwift-Beta";
		};
		7467BC092B11E0C5001F4878 /* FirebaseInstallations */ = {
			isa = XCSwiftPackageProductDependency;
			package = 7467BBD02B11E03C001F4878 /* XCRemoteSwiftPackageReference "firebase-ios-sdk" */;
			productName = FirebaseInstallations;
		};
		7467BC0B2B11E0C5001F4878 /* FirebaseMLModelDownloader */ = {
			isa = XCSwiftPackageProductDependency;
			package = 7467BBD02B11E03C001F4878 /* XCRemoteSwiftPackageReference "firebase-ios-sdk" */;
			productName = FirebaseMLModelDownloader;
		};
		7467BC0D2B11E0C5001F4878 /* FirebaseMessaging */ = {
			isa = XCSwiftPackageProductDependency;
			package = 7467BBD02B11E03C001F4878 /* XCRemoteSwiftPackageReference "firebase-ios-sdk" */;
			productName = FirebaseMessaging;
		};
		7467BC0F2B11E0C5001F4878 /* FirebasePerformance */ = {
			isa = XCSwiftPackageProductDependency;
			package = 7467BBD02B11E03C001F4878 /* XCRemoteSwiftPackageReference "firebase-ios-sdk" */;
			productName = FirebasePerformance;
		};
		7467BC112B11E0C5001F4878 /* FirebaseRemoteConfig */ = {
			isa = XCSwiftPackageProductDependency;
			package = 7467BBD02B11E03C001F4878 /* XCRemoteSwiftPackageReference "firebase-ios-sdk" */;
			productName = FirebaseRemoteConfig;
		};
		7467BC132B11E0C5001F4878 /* FirebaseRemoteConfigSwift */ = {
			isa = XCSwiftPackageProductDependency;
			package = 7467BBD02B11E03C001F4878 /* XCRemoteSwiftPackageReference "firebase-ios-sdk" */;
			productName = FirebaseRemoteConfigSwift;
		};
		7467BC152B11E0C5001F4878 /* FirebaseStorage */ = {
			isa = XCSwiftPackageProductDependency;
			package = 7467BBD02B11E03C001F4878 /* XCRemoteSwiftPackageReference "firebase-ios-sdk" */;
			productName = FirebaseStorage;
		};
		7467BC172B11E0C5001F4878 /* FirebaseStorageCombine-Community */ = {
			isa = XCSwiftPackageProductDependency;
			package = 7467BBD02B11E03C001F4878 /* XCRemoteSwiftPackageReference "firebase-ios-sdk" */;
			productName = "FirebaseStorageCombine-Community";
		};
		7467BC1D2B147334001F4878 /* Realm */ = {
			isa = XCSwiftPackageProductDependency;
			package = 7467BC1C2B147334001F4878 /* XCRemoteSwiftPackageReference "realm-swift" */;
			productName = Realm;
		};
		7467BC1F2B147334001F4878 /* RealmSwift */ = {
			isa = XCSwiftPackageProductDependency;
			package = 7467BC1C2B147334001F4878 /* XCRemoteSwiftPackageReference "realm-swift" */;
			productName = RealmSwift;
		};
/* End XCSwiftPackageProductDependency section */

/* Begin XCVersionGroup section */
		7467BC192B13FB58001F4878 /* CoreDataClocks.xcdatamodeld */ = {
			isa = XCVersionGroup;
			children = (
				7467BC1A2B13FB58001F4878 /* CoreDataClocks.xcdatamodel */,
			);
			currentVersion = 7467BC1A2B13FB58001F4878 /* CoreDataClocks.xcdatamodel */;
			path = CoreDataClocks.xcdatamodeld;
			sourceTree = "<group>";
			versionGroupType = wrapper.xcdatamodel;
		};
/* End XCVersionGroup section */
	};
	rootObject = 74FF5B7A2A9952B800F459BE /* Project object */;
}
